// !$*UTF8*$!
{
	archiveVersion = 1;
	classes = {
	};
	objectVersion = 55;
	objects = {

/* Begin PBXBuildFile section */
		BD0614D028CD272900C9B0F3 /* LoginCoordinator.swift in Sources */ = {isa = PBXBuildFile; fileRef = BD0614CF28CD272900C9B0F3 /* LoginCoordinator.swift */; };
		BD0614D228CD27F600C9B0F3 /* LoginViewController.swift in Sources */ = {isa = PBXBuildFile; fileRef = BD0614D128CD27F600C9B0F3 /* LoginViewController.swift */; };
		BD3DC51B28CCE1E0004ED6D7 /* AppDelegate.swift in Sources */ = {isa = PBXBuildFile; fileRef = BD3DC51A28CCE1E0004ED6D7 /* AppDelegate.swift */; };
		BD3DC51F28CCE1E0004ED6D7 /* ProductViewController.swift in Sources */ = {isa = PBXBuildFile; fileRef = BD3DC51E28CCE1E0004ED6D7 /* ProductViewController.swift */; };
		BD3DC52428CCE1E1004ED6D7 /* Assets.xcassets in Resources */ = {isa = PBXBuildFile; fileRef = BD3DC52328CCE1E1004ED6D7 /* Assets.xcassets */; };
		BD3DC53028CCE210004ED6D7 /* Coordinator.swift in Sources */ = {isa = PBXBuildFile; fileRef = BD3DC52F28CCE210004ED6D7 /* Coordinator.swift */; };
		BD3DC53228CCE29D004ED6D7 /* Storybordable.swift in Sources */ = {isa = PBXBuildFile; fileRef = BD3DC53128CCE29D004ED6D7 /* Storybordable.swift */; };
		BD3DC53428CCE4B8004ED6D7 /* AppCoordinator.swift in Sources */ = {isa = PBXBuildFile; fileRef = BD3DC53328CCE4B8004ED6D7 /* AppCoordinator.swift */; };
		BD3DC53628CCF1E4004ED6D7 /* ProfileViewController.swift in Sources */ = {isa = PBXBuildFile; fileRef = BD3DC53528CCF1E4004ED6D7 /* ProfileViewController.swift */; };
		BD3DC53828CCF1F2004ED6D7 /* CartViewController.swift in Sources */ = {isa = PBXBuildFile; fileRef = BD3DC53728CCF1F2004ED6D7 /* CartViewController.swift */; };
		BD3DC53B28CD0B01004ED6D7 /* ProfileCoordinator.swift in Sources */ = {isa = PBXBuildFile; fileRef = BD3DC53A28CD0B01004ED6D7 /* ProfileCoordinator.swift */; };
		BD3DC53D28CD184E004ED6D7 /* MainTabBarViewController.swift in Sources */ = {isa = PBXBuildFile; fileRef = BD3DC53C28CD184E004ED6D7 /* MainTabBarViewController.swift */; };
		BD3DC54028CD19AC004ED6D7 /* CartCoordinator.swift in Sources */ = {isa = PBXBuildFile; fileRef = BD3DC53F28CD19AC004ED6D7 /* CartCoordinator.swift */; };
		BD3DC54328CD22E1004ED6D7 /* ProductCoordinator.swift in Sources */ = {isa = PBXBuildFile; fileRef = BD3DC54228CD22E1004ED6D7 /* ProductCoordinator.swift */; };
		BDC2944E28CE5427006E1E1E /* PasswordViewController.swift in Sources */ = {isa = PBXBuildFile; fileRef = BDC2944D28CE5427006E1E1E /* PasswordViewController.swift */; };
		BDC2945028CE5452006E1E1E /* PasswordCoordinator.swift in Sources */ = {isa = PBXBuildFile; fileRef = BDC2944F28CE5452006E1E1E /* PasswordCoordinator.swift */; };
		BDC2948928CE6B63006E1E1E /* LaunchScreen.storyboard in Resources */ = {isa = PBXBuildFile; fileRef = BDC2948728CE6B63006E1E1E /* LaunchScreen.storyboard */; };
		BDC2948E28CE6FCF006E1E1E /* Main.storyboard in Resources */ = {isa = PBXBuildFile; fileRef = BDC2948D28CE6FCF006E1E1E /* Main.storyboard */; };
/* End PBXBuildFile section */

/* Begin PBXFileReference section */
		BD0614CF28CD272900C9B0F3 /* LoginCoordinator.swift */ = {isa = PBXFileReference; lastKnownFileType = sourcecode.swift; path = LoginCoordinator.swift; sourceTree = "<group>"; };
		BD0614D128CD27F600C9B0F3 /* LoginViewController.swift */ = {isa = PBXFileReference; lastKnownFileType = sourcecode.swift; path = LoginViewController.swift; sourceTree = "<group>"; };
		BD3DC51728CCE1E0004ED6D7 /* 3Brathers.app */ = {isa = PBXFileReference; explicitFileType = wrapper.application; includeInIndex = 0; path = 3Brathers.app; sourceTree = BUILT_PRODUCTS_DIR; };
		BD3DC51A28CCE1E0004ED6D7 /* AppDelegate.swift */ = {isa = PBXFileReference; lastKnownFileType = sourcecode.swift; path = AppDelegate.swift; sourceTree = "<group>"; };
		BD3DC51E28CCE1E0004ED6D7 /* ProductViewController.swift */ = {isa = PBXFileReference; lastKnownFileType = sourcecode.swift; path = ProductViewController.swift; sourceTree = "<group>"; };
		BD3DC52328CCE1E1004ED6D7 /* Assets.xcassets */ = {isa = PBXFileReference; lastKnownFileType = folder.assetcatalog; path = Assets.xcassets; sourceTree = "<group>"; };
		BD3DC52828CCE1E1004ED6D7 /* Info.plist */ = {isa = PBXFileReference; lastKnownFileType = text.plist.xml; path = Info.plist; sourceTree = "<group>"; };
		BD3DC52F28CCE210004ED6D7 /* Coordinator.swift */ = {isa = PBXFileReference; lastKnownFileType = sourcecode.swift; path = Coordinator.swift; sourceTree = "<group>"; };
		BD3DC53128CCE29D004ED6D7 /* Storybordable.swift */ = {isa = PBXFileReference; lastKnownFileType = sourcecode.swift; path = Storybordable.swift; sourceTree = "<group>"; };
		BD3DC53328CCE4B8004ED6D7 /* AppCoordinator.swift */ = {isa = PBXFileReference; lastKnownFileType = sourcecode.swift; path = AppCoordinator.swift; sourceTree = "<group>"; };
		BD3DC53528CCF1E4004ED6D7 /* ProfileViewController.swift */ = {isa = PBXFileReference; lastKnownFileType = sourcecode.swift; path = ProfileViewController.swift; sourceTree = "<group>"; };
		BD3DC53728CCF1F2004ED6D7 /* CartViewController.swift */ = {isa = PBXFileReference; lastKnownFileType = sourcecode.swift; path = CartViewController.swift; sourceTree = "<group>"; };
		BD3DC53A28CD0B01004ED6D7 /* ProfileCoordinator.swift */ = {isa = PBXFileReference; lastKnownFileType = sourcecode.swift; path = ProfileCoordinator.swift; sourceTree = "<group>"; };
		BD3DC53C28CD184E004ED6D7 /* MainTabBarViewController.swift */ = {isa = PBXFileReference; lastKnownFileType = sourcecode.swift; path = MainTabBarViewController.swift; sourceTree = "<group>"; };
		BD3DC53F28CD19AC004ED6D7 /* CartCoordinator.swift */ = {isa = PBXFileReference; lastKnownFileType = sourcecode.swift; path = CartCoordinator.swift; sourceTree = "<group>"; };
		BD3DC54228CD22E1004ED6D7 /* ProductCoordinator.swift */ = {isa = PBXFileReference; lastKnownFileType = sourcecode.swift; path = ProductCoordinator.swift; sourceTree = "<group>"; };
		BDC2944D28CE5427006E1E1E /* PasswordViewController.swift */ = {isa = PBXFileReference; lastKnownFileType = sourcecode.swift; path = PasswordViewController.swift; sourceTree = "<group>"; };
		BDC2944F28CE5452006E1E1E /* PasswordCoordinator.swift */ = {isa = PBXFileReference; lastKnownFileType = sourcecode.swift; path = PasswordCoordinator.swift; sourceTree = "<group>"; };
		BDC2948728CE6B63006E1E1E /* LaunchScreen.storyboard */ = {isa = PBXFileReference; fileEncoding = 4; lastKnownFileType = file.storyboard; path = LaunchScreen.storyboard; sourceTree = "<group>"; };
		BDC2948D28CE6FCF006E1E1E /* Main.storyboard */ = {isa = PBXFileReference; fileEncoding = 4; lastKnownFileType = file.storyboard; path = Main.storyboard; sourceTree = "<group>"; };
/* End PBXFileReference section */

/* Begin PBXFrameworksBuildPhase section */
		BD3DC51428CCE1E0004ED6D7 /* Frameworks */ = {
			isa = PBXFrameworksBuildPhase;
			buildActionMask = 2147483647;
			files = (
			);
			runOnlyForDeploymentPostprocessing = 0;
		};
/* End PBXFrameworksBuildPhase section */

/* Begin PBXGroup section */
		BD0614CE28CD26F400C9B0F3 /* Autn */ = {
			isa = PBXGroup;
			children = (
				BD0614CF28CD272900C9B0F3 /* LoginCoordinator.swift */,
				BD0614D128CD27F600C9B0F3 /* LoginViewController.swift */,
				BDC2944D28CE5427006E1E1E /* PasswordViewController.swift */,
				BDC2944F28CE5452006E1E1E /* PasswordCoordinator.swift */,
			);
			path = Autn;
			sourceTree = "<group>";
		};
		BD3DC50E28CCE1E0004ED6D7 = {
			isa = PBXGroup;
			children = (
				BD3DC51928CCE1E0004ED6D7 /* 3Brathers */,
				BD3DC51828CCE1E0004ED6D7 /* Products */,
			);
			sourceTree = "<group>";
		};
		BD3DC51828CCE1E0004ED6D7 /* Products */ = {
			isa = PBXGroup;
			children = (
				BD3DC51728CCE1E0004ED6D7 /* 3Brathers.app */,
			);
			name = Products;
			sourceTree = "<group>";
		};
		BD3DC51928CCE1E0004ED6D7 /* 3Brathers */ = {
			isa = PBXGroup;
			children = (
				BD3DC51A28CCE1E0004ED6D7 /* AppDelegate.swift */,
				BD3DC53C28CD184E004ED6D7 /* MainTabBarViewController.swift */,
				BDC2945128CE579C006E1E1E /* Coordinators */,
				BD0614CE28CD26F400C9B0F3 /* Autn */,
				BD3DC54128CD22BE004ED6D7 /* Product */,
				BD3DC53928CD0AE1004ED6D7 /* Profile */,
				BD3DC53E28CD1991004ED6D7 /* Cart */,
				BD3DC52828CCE1E1004ED6D7 /* Info.plist */,
				BDC2948D28CE6FCF006E1E1E /* Main.storyboard */,
				BDC2948728CE6B63006E1E1E /* LaunchScreen.storyboard */,
				BD3DC52328CCE1E1004ED6D7 /* Assets.xcassets */,
			);
			path = 3Brathers;
			sourceTree = "<group>";
		};
		BD3DC53928CD0AE1004ED6D7 /* Profile */ = {
			isa = PBXGroup;
			children = (
				BD3DC53528CCF1E4004ED6D7 /* ProfileViewController.swift */,
				BD3DC53A28CD0B01004ED6D7 /* ProfileCoordinator.swift */,
			);
			path = Profile;
			sourceTree = "<group>";
		};
		BD3DC53E28CD1991004ED6D7 /* Cart */ = {
			isa = PBXGroup;
			children = (
				BD3DC53728CCF1F2004ED6D7 /* CartViewController.swift */,
				BD3DC53F28CD19AC004ED6D7 /* CartCoordinator.swift */,
			);
			path = Cart;
			sourceTree = "<group>";
		};
		BD3DC54128CD22BE004ED6D7 /* Product */ = {
			isa = PBXGroup;
			children = (
				BD3DC51E28CCE1E0004ED6D7 /* ProductViewController.swift */,
				BD3DC54228CD22E1004ED6D7 /* ProductCoordinator.swift */,
			);
			path = Product;
			sourceTree = "<group>";
		};
		BDC2945128CE579C006E1E1E /* Coordinators */ = {
			isa = PBXGroup;
			children = (
				BD3DC53328CCE4B8004ED6D7 /* AppCoordinator.swift */,
				BD3DC53128CCE29D004ED6D7 /* Storybordable.swift */,
				BD3DC52F28CCE210004ED6D7 /* Coordinator.swift */,
			);
			path = Coordinators;
			sourceTree = "<group>";
		};
/* End PBXGroup section */

/* Begin PBXNativeTarget section */
		BD3DC51628CCE1E0004ED6D7 /* 3Brathers */ = {
			isa = PBXNativeTarget;
			buildConfigurationList = BD3DC52B28CCE1E1004ED6D7 /* Build configuration list for PBXNativeTarget "3Brathers" */;
			buildPhases = (
				BD3DC51328CCE1E0004ED6D7 /* Sources */,
				BD3DC51428CCE1E0004ED6D7 /* Frameworks */,
				BD3DC51528CCE1E0004ED6D7 /* Resources */,
			);
			buildRules = (
			);
			dependencies = (
			);
			name = 3Brathers;
			productName = 3Brathers;
			productReference = BD3DC51728CCE1E0004ED6D7 /* 3Brathers.app */;
			productType = "com.apple.product-type.application";
		};
/* End PBXNativeTarget section */

/* Begin PBXProject section */
		BD3DC50F28CCE1E0004ED6D7 /* Project object */ = {
			isa = PBXProject;
			attributes = {
				BuildIndependentTargetsInParallel = 1;
				LastSwiftUpdateCheck = 1320;
				LastUpgradeCheck = 1320;
				TargetAttributes = {
					BD3DC51628CCE1E0004ED6D7 = {
						CreatedOnToolsVersion = 13.2.1;
					};
				};
			};
			buildConfigurationList = BD3DC51228CCE1E0004ED6D7 /* Build configuration list for PBXProject "3Brathers" */;
			compatibilityVersion = "Xcode 13.0";
			developmentRegion = en;
			hasScannedForEncodings = 0;
			knownRegions = (
				en,
				Base,
			);
			mainGroup = BD3DC50E28CCE1E0004ED6D7;
			productRefGroup = BD3DC51828CCE1E0004ED6D7 /* Products */;
			projectDirPath = "";
			projectRoot = "";
			targets = (
				BD3DC51628CCE1E0004ED6D7 /* 3Brathers */,
			);
		};
/* End PBXProject section */

/* Begin PBXResourcesBuildPhase section */
		BD3DC51528CCE1E0004ED6D7 /* Resources */ = {
			isa = PBXResourcesBuildPhase;
			buildActionMask = 2147483647;
			files = (
				BDC2948E28CE6FCF006E1E1E /* Main.storyboard in Resources */,
				BD3DC52428CCE1E1004ED6D7 /* Assets.xcassets in Resources */,
				BDC2948928CE6B63006E1E1E /* LaunchScreen.storyboard in Resources */,
			);
			runOnlyForDeploymentPostprocessing = 0;
		};
/* End PBXResourcesBuildPhase section */

/* Begin PBXSourcesBuildPhase section */
		BD3DC51328CCE1E0004ED6D7 /* Sources */ = {
			isa = PBXSourcesBuildPhase;
			buildActionMask = 2147483647;
			files = (
				BD0614D028CD272900C9B0F3 /* LoginCoordinator.swift in Sources */,
				BD3DC53428CCE4B8004ED6D7 /* AppCoordinator.swift in Sources */,
				BD3DC53228CCE29D004ED6D7 /* Storybordable.swift in Sources */,
				BDC2944E28CE5427006E1E1E /* PasswordViewController.swift in Sources */,
				BD3DC53028CCE210004ED6D7 /* Coordinator.swift in Sources */,
				BD3DC53D28CD184E004ED6D7 /* MainTabBarViewController.swift in Sources */,
				BDC2945028CE5452006E1E1E /* PasswordCoordinator.swift in Sources */,
				BD3DC53B28CD0B01004ED6D7 /* ProfileCoordinator.swift in Sources */,
				BD3DC54328CD22E1004ED6D7 /* ProductCoordinator.swift in Sources */,
				BD3DC51F28CCE1E0004ED6D7 /* ProductViewController.swift in Sources */,
				BD3DC54028CD19AC004ED6D7 /* CartCoordinator.swift in Sources */,
				BD3DC53828CCF1F2004ED6D7 /* CartViewController.swift in Sources */,
				BD0614D228CD27F600C9B0F3 /* LoginViewController.swift in Sources */,
				BD3DC51B28CCE1E0004ED6D7 /* AppDelegate.swift in Sources */,
				BD3DC53628CCF1E4004ED6D7 /* ProfileViewController.swift in Sources */,
			);
			runOnlyForDeploymentPostprocessing = 0;
		};
/* End PBXSourcesBuildPhase section */

/* Begin XCBuildConfiguration section */
		BD3DC52928CCE1E1004ED6D7 /* Debug */ = {
			isa = XCBuildConfiguration;
			buildSettings = {
				ALWAYS_SEARCH_USER_PATHS = NO;
				CLANG_ANALYZER_NONNULL = YES;
				CLANG_ANALYZER_NUMBER_OBJECT_CONVERSION = YES_AGGRESSIVE;
				CLANG_CXX_LANGUAGE_STANDARD = "gnu++17";
				CLANG_CXX_LIBRARY = "libc++";
				CLANG_ENABLE_MODULES = YES;
				CLANG_ENABLE_OBJC_ARC = YES;
				CLANG_ENABLE_OBJC_WEAK = YES;
				CLANG_WARN_BLOCK_CAPTURE_AUTORELEASING = YES;
				CLANG_WARN_BOOL_CONVERSION = YES;
				CLANG_WARN_COMMA = YES;
				CLANG_WARN_CONSTANT_CONVERSION = YES;
				CLANG_WARN_DEPRECATED_OBJC_IMPLEMENTATIONS = YES;
				CLANG_WARN_DIRECT_OBJC_ISA_USAGE = YES_ERROR;
				CLANG_WARN_DOCUMENTATION_COMMENTS = YES;
				CLANG_WARN_EMPTY_BODY = YES;
				CLANG_WARN_ENUM_CONVERSION = YES;
				CLANG_WARN_INFINITE_RECURSION = YES;
				CLANG_WARN_INT_CONVERSION = YES;
				CLANG_WARN_NON_LITERAL_NULL_CONVERSION = YES;
				CLANG_WARN_OBJC_IMPLICIT_RETAIN_SELF = YES;
				CLANG_WARN_OBJC_LITERAL_CONVERSION = YES;
				CLANG_WARN_OBJC_ROOT_CLASS = YES_ERROR;
				CLANG_WARN_QUOTED_INCLUDE_IN_FRAMEWORK_HEADER = YES;
				CLANG_WARN_RANGE_LOOP_ANALYSIS = YES;
				CLANG_WARN_STRICT_PROTOTYPES = YES;
				CLANG_WARN_SUSPICIOUS_MOVE = YES;
				CLANG_WARN_UNGUARDED_AVAILABILITY = YES_AGGRESSIVE;
				CLANG_WARN_UNREACHABLE_CODE = YES;
				CLANG_WARN__DUPLICATE_METHOD_MATCH = YES;
				COPY_PHASE_STRIP = NO;
				DEBUG_INFORMATION_FORMAT = dwarf;
				ENABLE_STRICT_OBJC_MSGSEND = YES;
				ENABLE_TESTABILITY = YES;
				GCC_C_LANGUAGE_STANDARD = gnu11;
				GCC_DYNAMIC_NO_PIC = NO;
				GCC_NO_COMMON_BLOCKS = YES;
				GCC_OPTIMIZATION_LEVEL = 0;
				GCC_PREPROCESSOR_DEFINITIONS = (
					"DEBUG=1",
					"$(inherited)",
				);
				GCC_WARN_64_TO_32_BIT_CONVERSION = YES;
				GCC_WARN_ABOUT_RETURN_TYPE = YES_ERROR;
				GCC_WARN_UNDECLARED_SELECTOR = YES;
				GCC_WARN_UNINITIALIZED_AUTOS = YES_AGGRESSIVE;
				GCC_WARN_UNUSED_FUNCTION = YES;
				GCC_WARN_UNUSED_VARIABLE = YES;
				IPHONEOS_DEPLOYMENT_TARGET = 15.2;
				MTL_ENABLE_DEBUG_INFO = INCLUDE_SOURCE;
				MTL_FAST_MATH = YES;
				ONLY_ACTIVE_ARCH = YES;
				SDKROOT = iphoneos;
				SWIFT_ACTIVE_COMPILATION_CONDITIONS = DEBUG;
				SWIFT_OPTIMIZATION_LEVEL = "-Onone";
			};
			name = Debug;
		};
		BD3DC52A28CCE1E1004ED6D7 /* Release */ = {
			isa = XCBuildConfiguration;
			buildSettings = {
				ALWAYS_SEARCH_USER_PATHS = NO;
				CLANG_ANALYZER_NONNULL = YES;
				CLANG_ANALYZER_NUMBER_OBJECT_CONVERSION = YES_AGGRESSIVE;
				CLANG_CXX_LANGUAGE_STANDARD = "gnu++17";
				CLANG_CXX_LIBRARY = "libc++";
				CLANG_ENABLE_MODULES = YES;
				CLANG_ENABLE_OBJC_ARC = YES;
				CLANG_ENABLE_OBJC_WEAK = YES;
				CLANG_WARN_BLOCK_CAPTURE_AUTORELEASING = YES;
				CLANG_WARN_BOOL_CONVERSION = YES;
				CLANG_WARN_COMMA = YES;
				CLANG_WARN_CONSTANT_CONVERSION = YES;
				CLANG_WARN_DEPRECATED_OBJC_IMPLEMENTATIONS = YES;
				CLANG_WARN_DIRECT_OBJC_ISA_USAGE = YES_ERROR;
				CLANG_WARN_DOCUMENTATION_COMMENTS = YES;
				CLANG_WARN_EMPTY_BODY = YES;
				CLANG_WARN_ENUM_CONVERSION = YES;
				CLANG_WARN_INFINITE_RECURSION = YES;
				CLANG_WARN_INT_CONVERSION = YES;
				CLANG_WARN_NON_LITERAL_NULL_CONVERSION = YES;
				CLANG_WARN_OBJC_IMPLICIT_RETAIN_SELF = YES;
				CLANG_WARN_OBJC_LITERAL_CONVERSION = YES;
				CLANG_WARN_OBJC_ROOT_CLASS = YES_ERROR;
				CLANG_WARN_QUOTED_INCLUDE_IN_FRAMEWORK_HEADER = YES;
				CLANG_WARN_RANGE_LOOP_ANALYSIS = YES;
				CLANG_WARN_STRICT_PROTOTYPES = YES;
				CLANG_WARN_SUSPICIOUS_MOVE = YES;
				CLANG_WARN_UNGUARDED_AVAILABILITY = YES_AGGRESSIVE;
				CLANG_WARN_UNREACHABLE_CODE = YES;
				CLANG_WARN__DUPLICATE_METHOD_MATCH = YES;
				COPY_PHASE_STRIP = NO;
				DEBUG_INFORMATION_FORMAT = "dwarf-with-dsym";
				ENABLE_NS_ASSERTIONS = NO;
				ENABLE_STRICT_OBJC_MSGSEND = YES;
				GCC_C_LANGUAGE_STANDARD = gnu11;
				GCC_NO_COMMON_BLOCKS = YES;
				GCC_WARN_64_TO_32_BIT_CONVERSION = YES;
				GCC_WARN_ABOUT_RETURN_TYPE = YES_ERROR;
				GCC_WARN_UNDECLARED_SELECTOR = YES;
				GCC_WARN_UNINITIALIZED_AUTOS = YES_AGGRESSIVE;
				GCC_WARN_UNUSED_FUNCTION = YES;
				GCC_WARN_UNUSED_VARIABLE = YES;
				IPHONEOS_DEPLOYMENT_TARGET = 15.2;
				MTL_ENABLE_DEBUG_INFO = NO;
				MTL_FAST_MATH = YES;
				SDKROOT = iphoneos;
				SWIFT_COMPILATION_MODE = wholemodule;
				SWIFT_OPTIMIZATION_LEVEL = "-O";
				VALIDATE_PRODUCT = YES;
			};
			name = Release;
		};
		BD3DC52C28CCE1E1004ED6D7 /* Debug */ = {
			isa = XCBuildConfiguration;
			buildSettings = {
				ASSETCATALOG_COMPILER_APPICON_NAME = AppIcon;
				ASSETCATALOG_COMPILER_GLOBAL_ACCENT_COLOR_NAME = AccentColor;
				CODE_SIGN_STYLE = Automatic;
				CURRENT_PROJECT_VERSION = 1;
				DEVELOPMENT_TEAM = P745L5C6BY;
				GENERATE_INFOPLIST_FILE = YES;
				INFOPLIST_FILE = 3Brathers/Info.plist;
				INFOPLIST_KEY_UIApplicationSupportsIndirectInputEvents = YES;
				INFOPLIST_KEY_UILaunchStoryboardName = LaunchScreen;
				INFOPLIST_KEY_UISupportedInterfaceOrientations_iPad = "UIInterfaceOrientationPortrait UIInterfaceOrientationPortraitUpsideDown UIInterfaceOrientationLandscapeLeft UIInterfaceOrientationLandscapeRight";
				INFOPLIST_KEY_UISupportedInterfaceOrientations_iPhone = "UIInterfaceOrientationPortrait UIInterfaceOrientationLandscapeLeft UIInterfaceOrientationLandscapeRight";
				LD_RUNPATH_SEARCH_PATHS = (
					"$(inherited)",
					"@executable_path/Frameworks",
				);
				MARKETING_VERSION = 1.0;
				PRODUCT_BUNDLE_IDENTIFIER = "Kvashnin.-Brathers";
				PRODUCT_NAME = "$(TARGET_NAME)";
				SWIFT_EMIT_LOC_STRINGS = YES;
				SWIFT_VERSION = 5.0;
				TARGETED_DEVICE_FAMILY = 1;
			};
			name = Debug;
		};
		BD3DC52D28CCE1E1004ED6D7 /* Release */ = {
			isa = XCBuildConfiguration;
			buildSettings = {
				ASSETCATALOG_COMPILER_APPICON_NAME = AppIcon;
				ASSETCATALOG_COMPILER_GLOBAL_ACCENT_COLOR_NAME = AccentColor;
				CODE_SIGN_STYLE = Automatic;
				CURRENT_PROJECT_VERSION = 1;
				DEVELOPMENT_TEAM = P745L5C6BY;
				GENERATE_INFOPLIST_FILE = YES;
				INFOPLIST_FILE = 3Brathers/Info.plist;
				INFOPLIST_KEY_UIApplicationSupportsIndirectInputEvents = YES;
				INFOPLIST_KEY_UILaunchStoryboardName = LaunchScreen;
				INFOPLIST_KEY_UISupportedInterfaceOrientations_iPad = "UIInterfaceOrientationPortrait UIInterfaceOrientationPortraitUpsideDown UIInterfaceOrientationLandscapeLeft UIInterfaceOrientationLandscapeRight";
				INFOPLIST_KEY_UISupportedInterfaceOrientations_iPhone = "UIInterfaceOrientationPortrait UIInterfaceOrientationLandscapeLeft UIInterfaceOrientationLandscapeRight";
				LD_RUNPATH_SEARCH_PATHS = (
					"$(inherited)",
					"@executable_path/Frameworks",
				);
				MARKETING_VERSION = 1.0;
				PRODUCT_BUNDLE_IDENTIFIER = "Kvashnin.-Brathers";
				PRODUCT_NAME = "$(TARGET_NAME)";
				SWIFT_EMIT_LOC_STRINGS = YES;
				SWIFT_VERSION = 5.0;
				TARGETED_DEVICE_FAMILY = 1;
			};
			name = Release;
		};
/* End XCBuildConfiguration section */

/* Begin XCConfigurationList section */
		BD3DC51228CCE1E0004ED6D7 /* Build configuration list for PBXProject "3Brathers" */ = {
			isa = XCConfigurationList;
			buildConfigurations = (
				BD3DC52928CCE1E1004ED6D7 /* Debug */,
				BD3DC52A28CCE1E1004ED6D7 /* Release */,
			);
			defaultConfigurationIsVisible = 0;
			defaultConfigurationName = Release;
		};
		BD3DC52B28CCE1E1004ED6D7 /* Build configuration list for PBXNativeTarget "3Brathers" */ = {
			isa = XCConfigurationList;
			buildConfigurations = (
				BD3DC52C28CCE1E1004ED6D7 /* Debug */,
				BD3DC52D28CCE1E1004ED6D7 /* Release */,
			);
			defaultConfigurationIsVisible = 0;
			defaultConfigurationName = Release;
		};
/* End XCConfigurationList section */
	};
	rootObject = BD3DC50F28CCE1E0004ED6D7 /* Project object */;
}
